
Microsoft Visual Studio Solution File, Format Version 12.00
# Visual Studio Version 17
VisualStudioVersion = 17.2.32602.215
MinimumVisualStudioVersion = 10.0.40219.1
Project("{888888A0-9F3D-457C-B088-3A5042F75D52}") = "BiggerSmallerPopulation", "BiggerSmallerPopulation.pyproj", "{6CB2F394-0121-4C59-8FCF-994573B5AA34}"
EndProject
Global
	GlobalSection(SolutionConfigurationPlatforms) = preSolution
		Debug|Any CPU = Debug|Any CPU
		Release|Any CPU = Release|Any CPU
	EndGlobalSection
	GlobalSection(ProjectConfigurationPlatforms) = postSolution
		{6CB2F394-0121-4C59-8FCF-994573B5AA34}.Debug|Any CPU.ActiveCfg = Debug|Any CPU
		{6CB2F394-0121-4C59-8FCF-994573B5AA34}.Release|Any CPU.ActiveCfg = Release|Any CPU
	EndGlobalSection
	GlobalSection(SolutionProperties) = preSolution
		HideSolutionNode = FALSE
	EndGlobalSection
	GlobalSection(ExtensibilityGlobals) = postSolution
		SolutionGuid = {4363763D-0C1A-4C40-9BD2-C8012E314153}
	EndGlobalSection
EndGlobal
